{
  "originHash" : "9ce8ef059ebe1ce94da55d53adeadaf7334520a310177c723ae28f160d445054",
  "pins" : [
    {
      "identity" : "any",
      "kind" : "remoteSourceControl",
      "location" : "https://github.com/el-machine/Any",
      "state" : {
        "revision" : "5fccdf9628bc117439a87a564958196c28896c97",
        "version" : "1.0.3"
      }
    },
    {
      "identity" : "wand",
      "kind" : "remoteSourceControl",
      "location" : "https://github.com/The-Wand/Wand.git",
      "state" : {
        "revision" : "ed5000f77307c9824952faf8fd41ad890c63b66a",
        "version" : "3.0.11"
      }
    }
  ],
  "version" : 3
}
