{
  "originHash" : "9ce8ef059ebe1ce94da55d53adeadaf7334520a310177c723ae28f160d445054",
  "pins" : [
    {
      "identity" : "any",
      "kind" : "remoteSourceControl",
      "location" : "https://github.com/el-machine/Any",
      "state" : {
        "revision" : "ba94ebd40a70c5d6d058ae25f3b7cacb810dfec4",
        "version" : "1.0.1"
      }
    },
    {
      "identity" : "wand",
      "kind" : "remoteSourceControl",
      "location" : "https://github.com/The-Wand/Wand.git",
      "state" : {
        "revision" : "3feabdd634d5a9ccb3e49530a9b300c64049762a",
        "version" : "1.5.2"
      }
    }
  ],
  "version" : 3
}
