{
  "pins" : [
    {
      "identity" : "any",
      "kind" : "remoteSourceControl",
      "location" : "https://github.com/el-machine/Any.git",
      "state" : {
        "revision" : "6e6440aaf6a2a1b183aa22d85e29a2058bd73b42",
        "version" : "1.0.0"
      }
    },
    {
      "identity" : "wand",
      "kind" : "remoteSourceControl",
      "location" : "https://github.com/el-machine/Wand.git",
      "state" : {
        "revision" : "5fd18b02c9145aad20aebd4c943d55b3013fe6ea",
        "version" : "1.2.4"
      }
    }
  ],
  "version" : 2
}
